# This file is automatically @generated by Cargo.
# It is not intended for manual editing.
version = 4

[[package]]
name = "libc"
version = "0.2.171"
source = "registry+https://github.com/rust-lang/crates.io-index"
checksum = "c19937216e9d3aa9956d9bb8dfc0b0c8beb6058fc4f7a4dc4d850edf86a237d6"

[[package]]
name = "log"
version = "0.4.27"
source = "registry+https://github.com/rust-lang/crates.io-index"
checksum = "13dc2df351e3202783a1fe0d44375f7295ffb4049267b0f3018346dc122a1d94"

[[package]]
name = "place_backend"
version = "0.1.0"
dependencies = [
 "place_constants",
 "place_lib",
 "users",
]

[[package]]
name = "place_cat"
version = "0.1.0"

[[package]]
name = "place_constants"
version = "0.1.0"

[[package]]
name = "place_lib"
version = "0.1.0"

[[package]]
name = "place_mkfile"
version = "0.1.0"
dependencies = [
 "place_constants",
 "place_lib",
 "users",
]

[[package]]
name = "place_print"
version = "0.1.0"
dependencies = [
 "place_constants",
]

[[package]]
name = "users"
version = "0.11.0"
source = "registry+https://github.com/rust-lang/crates.io-index"
checksum = "24cc0f6d6f267b73e5a2cadf007ba8f9bc39c6a6f9666f8cf25ea809a153b032"
dependencies = [
 "libc",
 "log",
]
