# This file is automatically @generated by Cargo.
# It is not intended for manual editing.
version = 4

[[package]]
name = "place_backend"
version = "0.1.0"
dependencies = [
 "place_constants",
 "place_lib",
]

[[package]]
name = "place_cat"
version = "0.1.0"

[[package]]
name = "place_constants"
version = "0.1.0"

[[package]]
name = "place_lib"
version = "0.1.0"

[[package]]
name = "place_print"
version = "0.1.0"
dependencies = [
 "place_constants",
]
